
Microsoft Visual Studio Solution File, Format Version 12.00
# Visual Studio Version 17
VisualStudioVersion = 17.5.33516.290
MinimumVisualStudioVersion = 10.0.40219.1
Project("{9A19103F-16F7-4668-BE54-9A1E7A4F7556}") = "DM4", "DM4\DM4.csproj", "{DCB32AF6-7A0B-4C3F-87A8-A8359D1F8713}"
EndProject
Project("{9A19103F-16F7-4668-BE54-9A1E7A4F7556}") = "Tests", "Tests\Tests.csproj", "{5FDFF5EB-5BB1-4133-9630-3A41F80AF460}"
EndProject
Project("{9A19103F-16F7-4668-BE54-9A1E7A4F7556}") = "Lab12", "Lab12\Lab12.csproj", "{4D062DC5-C871-4D02-A6F3-CD539B375093}"
EndProject
Project("{9A19103F-16F7-4668-BE54-9A1E7A4F7556}") = "DM5", "DM5\DM5.csproj", "{225544D5-7F82-4FB1-B1A8-570968F9BF14}"
EndProject
Project("{FAE04EC0-301F-11D3-BF4B-00C04F79EFBC}") = "Testss", "Testss\Testss.csproj", "{6A44220C-FFD6-4F03-9324-A7D037EF4B40}"
EndProject
Global
	GlobalSection(SolutionConfigurationPlatforms) = preSolution
		Debug|Any CPU = Debug|Any CPU
		Release|Any CPU = Release|Any CPU
	EndGlobalSection
	GlobalSection(ProjectConfigurationPlatforms) = postSolution
		{DCB32AF6-7A0B-4C3F-87A8-A8359D1F8713}.Debug|Any CPU.ActiveCfg = Debug|Any CPU
		{DCB32AF6-7A0B-4C3F-87A8-A8359D1F8713}.Debug|Any CPU.Build.0 = Debug|Any CPU
		{DCB32AF6-7A0B-4C3F-87A8-A8359D1F8713}.Release|Any CPU.ActiveCfg = Release|Any CPU
		{DCB32AF6-7A0B-4C3F-87A8-A8359D1F8713}.Release|Any CPU.Build.0 = Release|Any CPU
		{5FDFF5EB-5BB1-4133-9630-3A41F80AF460}.Debug|Any CPU.ActiveCfg = Debug|Any CPU
		{5FDFF5EB-5BB1-4133-9630-3A41F80AF460}.Debug|Any CPU.Build.0 = Debug|Any CPU
		{5FDFF5EB-5BB1-4133-9630-3A41F80AF460}.Release|Any CPU.ActiveCfg = Release|Any CPU
		{5FDFF5EB-5BB1-4133-9630-3A41F80AF460}.Release|Any CPU.Build.0 = Release|Any CPU
		{4D062DC5-C871-4D02-A6F3-CD539B375093}.Debug|Any CPU.ActiveCfg = Debug|Any CPU
		{4D062DC5-C871-4D02-A6F3-CD539B375093}.Debug|Any CPU.Build.0 = Debug|Any CPU
		{4D062DC5-C871-4D02-A6F3-CD539B375093}.Release|Any CPU.ActiveCfg = Release|Any CPU
		{4D062DC5-C871-4D02-A6F3-CD539B375093}.Release|Any CPU.Build.0 = Release|Any CPU
		{225544D5-7F82-4FB1-B1A8-570968F9BF14}.Debug|Any CPU.ActiveCfg = Debug|Any CPU
		{225544D5-7F82-4FB1-B1A8-570968F9BF14}.Debug|Any CPU.Build.0 = Debug|Any CPU
		{225544D5-7F82-4FB1-B1A8-570968F9BF14}.Release|Any CPU.ActiveCfg = Release|Any CPU
		{225544D5-7F82-4FB1-B1A8-570968F9BF14}.Release|Any CPU.Build.0 = Release|Any CPU
		{6A44220C-FFD6-4F03-9324-A7D037EF4B40}.Debug|Any CPU.ActiveCfg = Debug|Any CPU
		{6A44220C-FFD6-4F03-9324-A7D037EF4B40}.Debug|Any CPU.Build.0 = Debug|Any CPU
		{6A44220C-FFD6-4F03-9324-A7D037EF4B40}.Release|Any CPU.ActiveCfg = Release|Any CPU
		{6A44220C-FFD6-4F03-9324-A7D037EF4B40}.Release|Any CPU.Build.0 = Release|Any CPU
	EndGlobalSection
	GlobalSection(SolutionProperties) = preSolution
		HideSolutionNode = FALSE
	EndGlobalSection
	GlobalSection(ExtensibilityGlobals) = postSolution
		SolutionGuid = {8C973C82-097E-4598-828A-ADF92D5ADBCD}
	EndGlobalSection
EndGlobal
